
Microsoft Visual Studio Solution File, Format Version 12.00
# Visual Studio Version 17
VisualStudioVersion = 17.14.36414.22 d17.14
MinimumVisualStudioVersion = 10.0.40219.1
Project("{FAE04EC0-301F-11D3-BF4B-00C04F79EFBC}") = "DeepCallouts", "DeepCallouts.csproj", "{33FCAE64-E084-4693-8766-FBD6CED16B28}"
EndProject
Global
	GlobalSection(SolutionConfigurationPlatforms) = preSolution
		Debug|Any CPU = Debug|Any CPU
		Release|Any CPU = Release|Any CPU
	EndGlobalSection
	GlobalSection(ProjectConfigurationPlatforms) = postSolution
		{33FCAE64-E084-4693-8766-FBD6CED16B28}.Debug|Any CPU.ActiveCfg = Debug|Any CPU
		{33FCAE64-E084-4693-8766-FBD6CED16B28}.Debug|Any CPU.Build.0 = Debug|Any CPU
		{33FCAE64-E084-4693-8766-FBD6CED16B28}.Release|Any CPU.ActiveCfg = Release|Any CPU
		{33FCAE64-E084-4693-8766-FBD6CED16B28}.Release|Any CPU.Build.0 = Release|Any CPU
	EndGlobalSection
	GlobalSection(SolutionProperties) = preSolution
		HideSolutionNode = FALSE
	EndGlobalSection
	GlobalSection(ExtensibilityGlobals) = postSolution
		SolutionGuid = {C37575BF-2137-4A6D-ACA2-F321CC7B3FCD}
	EndGlobalSection
EndGlobal
